
Microsoft Visual Studio Solution File, Format Version 12.00
# Visual Studio Version 17
VisualStudioVersion = 17.4.33110.190
MinimumVisualStudioVersion = 10.0.40219.1
Project("{9A19103F-16F7-4668-BE54-9A1E7A4F7556}") = "MemoryManagementTest", "MemoryManagementTest\MemoryManagementTest.csproj", "{09ABAA56-EB32-4CC0-AB53-17DCECC41EF8}"
EndProject
Global
	GlobalSection(SolutionConfigurationPlatforms) = preSolution
		Debug|Any CPU = Debug|Any CPU
		Debug|x64 = Debug|x64
		Release|Any CPU = Release|Any CPU
		Release|x64 = Release|x64
	EndGlobalSection
	GlobalSection(ProjectConfigurationPlatforms) = postSolution
		{09ABAA56-EB32-4CC0-AB53-17DCECC41EF8}.Debug|Any CPU.ActiveCfg = Debug|Any CPU
		{09ABAA56-EB32-4CC0-AB53-17DCECC41EF8}.Debug|Any CPU.Build.0 = Debug|Any CPU
		{09ABAA56-EB32-4CC0-AB53-17DCECC41EF8}.Debug|x64.ActiveCfg = Debug|Any CPU
		{09ABAA56-EB32-4CC0-AB53-17DCECC41EF8}.Debug|x64.Build.0 = Debug|Any CPU
		{09ABAA56-EB32-4CC0-AB53-17DCECC41EF8}.Release|Any CPU.ActiveCfg = Release|Any CPU
		{09ABAA56-EB32-4CC0-AB53-17DCECC41EF8}.Release|Any CPU.Build.0 = Release|Any CPU
		{09ABAA56-EB32-4CC0-AB53-17DCECC41EF8}.Release|x64.ActiveCfg = Release|x64
		{09ABAA56-EB32-4CC0-AB53-17DCECC41EF8}.Release|x64.Build.0 = Release|x64
	EndGlobalSection
	GlobalSection(SolutionProperties) = preSolution
		HideSolutionNode = FALSE
	EndGlobalSection
	GlobalSection(ExtensibilityGlobals) = postSolution
		SolutionGuid = {02CC8724-88DB-4022-9400-E3AD3CBC3A2D}
	EndGlobalSection
EndGlobal
